{
  "lockfile_version": "1",
  "packages": {
    "libvirt@latest": {
      "last_modified": "2025-01-31T04:26:24Z",
      "resolved": "github:NixOS/nixpkgs/9189ac18287c599860e878e905da550aa6dec1cd#libvirt",
      "source": "devbox-search",
      "version": "10.10.0",
      "systems": {
        "aarch64-darwin": {
          "outputs": [
            {
              "name": "out",
              "path": "/nix/store/7zin6g69nznpwmccnl08bzwy7c7fqqrw-libvirt-10.10.0",
              "default": true
            }
          ],
          "store_path": "/nix/store/7zin6g69nznpwmccnl08bzwy7c7fqqrw-libvirt-10.10.0"
        },
        "aarch64-linux": {
          "outputs": [
            {
              "name": "out",
              "path": "/nix/store/qk6qm9vfd46h3jz2gw5dxidma6rfyqp6-libvirt-10.10.0",
              "default": true
            }
          ],
          "store_path": "/nix/store/qk6qm9vfd46h3jz2gw5dxidma6rfyqp6-libvirt-10.10.0"
        },
        "x86_64-darwin": {
          "outputs": [
            {
              "name": "out",
              "path": "/nix/store/2aln3fczchz6nb3b8xc6prifyif3j0xj-libvirt-10.10.0",
              "default": true
            }
          ],
          "store_path": "/nix/store/2aln3fczchz6nb3b8xc6prifyif3j0xj-libvirt-10.10.0"
        },
        "x86_64-linux": {
          "outputs": [
            {
              "name": "out",
              "path": "/nix/store/bg0v6d3c7jjq1hlmmvdg2lxvbh7032jy-libvirt-10.10.0",
              "default": true
            }
          ],
          "store_path": "/nix/store/bg0v6d3c7jjq1hlmmvdg2lxvbh7032jy-libvirt-10.10.0"
        }
      }
    },
    "poetry@latest": {
      "last_modified": "2025-02-04T21:04:56Z",
      "plugin_version": "0.0.4",
      "resolved": "github:NixOS/nixpkgs/f7384aacd0ecd28681a99269ac0dff2c3a805d63#poetry",
      "source": "devbox-search",
      "version": "2.0.1",
      "systems": {
        "aarch64-darwin": {
          "outputs": [
            {
              "name": "out",
              "path": "/nix/store/c42p6z5lkikf0mgn0k86dhc1f0276j2f-python3.12-poetry-2.0.1",
              "default": true
            },
            {
              "name": "dist",
              "path": "/nix/store/9yrima9vscszkj160zqff1s48cp47s37-python3.12-poetry-2.0.1-dist"
            }
          ],
          "store_path": "/nix/store/c42p6z5lkikf0mgn0k86dhc1f0276j2f-python3.12-poetry-2.0.1"
        },
        "aarch64-linux": {
          "outputs": [
            {
              "name": "out",
              "path": "/nix/store/1njxsaqpwi88wzibp7vgar5g0y39765c-python3.12-poetry-2.0.1",
              "default": true
            },
            {
              "name": "dist",
              "path": "/nix/store/nc60v9dpvjrkb38m386z8rj0717kzj1h-python3.12-poetry-2.0.1-dist"
            }
          ],
          "store_path": "/nix/store/1njxsaqpwi88wzibp7vgar5g0y39765c-python3.12-poetry-2.0.1"
        },
        "x86_64-darwin": {
          "outputs": [
            {
              "name": "out",
              "path": "/nix/store/82wfq9nv5fqyplwxf4qqkapqpjfz3pp4-python3.12-poetry-2.0.1",
              "default": true
            },
            {
              "name": "dist",
              "path": "/nix/store/dc4nzq3a8szx2y3jc6hrwfgcmj7mvbbf-python3.12-poetry-2.0.1-dist"
            }
          ],
          "store_path": "/nix/store/82wfq9nv5fqyplwxf4qqkapqpjfz3pp4-python3.12-poetry-2.0.1"
        },
        "x86_64-linux": {
          "outputs": [
            {
              "name": "out",
              "path": "/nix/store/hhb8hs8jliwmw1ixrdnpsy78m8wn5r4f-python3.12-poetry-2.0.1",
              "default": true
            },
            {
              "name": "dist",
              "path": "/nix/store/z80w7x9x3zijyaf8k7ari6gp8l4rph13-python3.12-poetry-2.0.1-dist"
            }
          ],
          "store_path": "/nix/store/hhb8hs8jliwmw1ixrdnpsy78m8wn5r4f-python3.12-poetry-2.0.1"
        }
      }
    },
    "python@latest": {
      "last_modified": "2025-01-19T08:16:51Z",
      "plugin_version": "0.0.4",
      "resolved": "github:NixOS/nixpkgs/50165c4f7eb48ce82bd063e1fb8047a0f515f8ce#python313",
      "source": "devbox-search",
      "version": "3.13.1",
      "systems": {
        "aarch64-darwin": {
          "outputs": [
            {
              "name": "out",
              "path": "/nix/store/klq7f8aricx6ky3c8acys5v3rd3ryivh-python3-3.13.1",
              "default": true
            }
          ],
          "store_path": "/nix/store/klq7f8aricx6ky3c8acys5v3rd3ryivh-python3-3.13.1"
        },
        "aarch64-linux": {
          "outputs": [
            {
              "name": "out",
              "path": "/nix/store/g7c62ybmsjnz5zlpv34c0rxidlchxf6l-python3-3.13.1",
              "default": true
            },
            {
              "name": "debug",
              "path": "/nix/store/dsa9ha60y96czlrgl2sa94qd1l9qvniz-python3-3.13.1-debug"
            }
          ],
          "store_path": "/nix/store/g7c62ybmsjnz5zlpv34c0rxidlchxf6l-python3-3.13.1"
        },
        "x86_64-darwin": {
          "outputs": [
            {
              "name": "out",
              "path": "/nix/store/pzzc4xz3714dwrcp5hry7f03kiv08cbp-python3-3.13.1",
              "default": true
            }
          ],
          "store_path": "/nix/store/pzzc4xz3714dwrcp5hry7f03kiv08cbp-python3-3.13.1"
        },
        "x86_64-linux": {
          "outputs": [
            {
              "name": "out",
              "path": "/nix/store/29a6wlyr860xg3i9n3pzavrlggmyxzkr-python3-3.13.1",
              "default": true
            },
            {
              "name": "debug",
              "path": "/nix/store/3ns7yf43xrkpbn4pxda8nlp0ddvnxyiw-python3-3.13.1-debug"
            }
          ],
          "store_path": "/nix/store/29a6wlyr860xg3i9n3pzavrlggmyxzkr-python3-3.13.1"
        }
      }
    }
  }
}
